{
  "originHash" : "daeced0a0f3c8ad177033fd3f48b8cbbf52f11a37ed978283beddc65f9eea152",
  "pins" : [
    {
      "identity" : "nostr-sdk-swift",
      "kind" : "remoteSourceControl",
      "location" : "https://github.com/rust-nostr/nostr-sdk-swift.git",
      "state" : {
        "revision" : "0c60d43fe0a92f6e8e3dbde29093a799d5ee6c8c",
        "version" : "0.44.2"
      }
    }
  ],
  "version" : 3
}
